// !$*UTF8*$!
{
	archiveVersion = 1;
	classes = {
	};
	objectVersion = 50;
	objects = {

/* Begin PBXBuildFile section */
		6B11B76326C5673200F001CD /* bachelours_kitcheonApp.swift in Sources */ = {isa = PBXBuildFile; fileRef = 6B11B76226C5673200F001CD /* bachelours_kitcheonApp.swift */; };
		6B11B76526C5673200F001CD /* ContentView.swift in Sources */ = {isa = PBXBuildFile; fileRef = 6B11B76426C5673200F001CD /* ContentView.swift */; };
		6B11B76726C5673300F001CD /* Assets.xcassets in Resources */ = {isa = PBXBuildFile; fileRef = 6B11B76626C5673300F001CD /* Assets.xcassets */; };
		6B11B76A26C5673300F001CD /* Preview Assets.xcassets in Resources */ = {isa = PBXBuildFile; fileRef = 6B11B76926C5673300F001CD /* Preview Assets.xcassets */; };
		6B11B77526C5681700F001CD /* Countries.swift in Sources */ = {isa = PBXBuildFile; fileRef = 6B11B77426C5681700F001CD /* Countries.swift */; };
		6B11B77726C56A0300F001CD /* LoginViewModel.swift in Sources */ = {isa = PBXBuildFile; fileRef = 6B11B77626C56A0300F001CD /* LoginViewModel.swift */; };
		6B11B77926C56AEA00F001CD /* Login1.swift in Sources */ = {isa = PBXBuildFile; fileRef = 6B11B77826C56AEA00F001CD /* Login1.swift */; };
		6B7904CE26C665AB007CECAF /* CustomeSecureField.swift in Sources */ = {isa = PBXBuildFile; fileRef = 6B7904CD26C665AB007CECAF /* CustomeSecureField.swift */; };
		6B7904D126C66B16007CECAF /* CustomTextfield.swift in Sources */ = {isa = PBXBuildFile; fileRef = 6B7904D026C66B16007CECAF /* CustomTextfield.swift */; };
/* End PBXBuildFile section */

/* Begin PBXFileReference section */
		6B11B75F26C5673200F001CD /* bachelours kitcheon.app */ = {isa = PBXFileReference; explicitFileType = wrapper.application; includeInIndex = 0; path = "bachelours kitcheon.app"; sourceTree = BUILT_PRODUCTS_DIR; };
		6B11B76226C5673200F001CD /* bachelours_kitcheonApp.swift */ = {isa = PBXFileReference; lastKnownFileType = sourcecode.swift; path = bachelours_kitcheonApp.swift; sourceTree = "<group>"; };
		6B11B76426C5673200F001CD /* ContentView.swift */ = {isa = PBXFileReference; lastKnownFileType = sourcecode.swift; path = ContentView.swift; sourceTree = "<group>"; };
		6B11B76626C5673300F001CD /* Assets.xcassets */ = {isa = PBXFileReference; lastKnownFileType = folder.assetcatalog; path = Assets.xcassets; sourceTree = "<group>"; };
		6B11B76926C5673300F001CD /* Preview Assets.xcassets */ = {isa = PBXFileReference; lastKnownFileType = folder.assetcatalog; path = "Preview Assets.xcassets"; sourceTree = "<group>"; };
		6B11B76B26C5673300F001CD /* Info.plist */ = {isa = PBXFileReference; lastKnownFileType = text.plist.xml; path = Info.plist; sourceTree = "<group>"; };
		6B11B77426C5681700F001CD /* Countries.swift */ = {isa = PBXFileReference; lastKnownFileType = sourcecode.swift; path = Countries.swift; sourceTree = "<group>"; };
		6B11B77626C56A0300F001CD /* LoginViewModel.swift */ = {isa = PBXFileReference; lastKnownFileType = sourcecode.swift; path = LoginViewModel.swift; sourceTree = "<group>"; };
		6B11B77826C56AEA00F001CD /* Login1.swift */ = {isa = PBXFileReference; lastKnownFileType = sourcecode.swift; path = Login1.swift; sourceTree = "<group>"; };
		6B7904CD26C665AB007CECAF /* CustomeSecureField.swift */ = {isa = PBXFileReference; lastKnownFileType = sourcecode.swift; path = CustomeSecureField.swift; sourceTree = "<group>"; };
		6B7904D026C66B16007CECAF /* CustomTextfield.swift */ = {isa = PBXFileReference; lastKnownFileType = sourcecode.swift; path = CustomTextfield.swift; sourceTree = "<group>"; };
/* End PBXFileReference section */

/* Begin PBXFrameworksBuildPhase section */
		6B11B75C26C5673200F001CD /* Frameworks */ = {
			isa = PBXFrameworksBuildPhase;
			buildActionMask = 2147483647;
			files = (
			);
			runOnlyForDeploymentPostprocessing = 0;
		};
/* End PBXFrameworksBuildPhase section */

/* Begin PBXGroup section */
		6B11B75626C5673200F001CD = {
			isa = PBXGroup;
			children = (
				6B11B76126C5673200F001CD /* bachelours kitcheon */,
				6B11B76026C5673200F001CD /* Products */,
			);
			sourceTree = "<group>";
		};
		6B11B76026C5673200F001CD /* Products */ = {
			isa = PBXGroup;
			children = (
				6B11B75F26C5673200F001CD /* bachelours kitcheon.app */,
			);
			name = Products;
			sourceTree = "<group>";
		};
		6B11B76126C5673200F001CD /* bachelours kitcheon */ = {
			isa = PBXGroup;
			children = (
				6B11B77126C567A000F001CD /* Model */,
				6B11B77226C567B900F001CD /* View */,
				6B11B77326C567D300F001CD /* ViewModel */,
				6B11B76226C5673200F001CD /* bachelours_kitcheonApp.swift */,
				6B11B76426C5673200F001CD /* ContentView.swift */,
				6B11B76626C5673300F001CD /* Assets.xcassets */,
				6B11B76B26C5673300F001CD /* Info.plist */,
				6B11B76826C5673300F001CD /* Preview Content */,
			);
			path = "bachelours kitcheon";
			sourceTree = "<group>";
		};
		6B11B76826C5673300F001CD /* Preview Content */ = {
			isa = PBXGroup;
			children = (
				6B11B76926C5673300F001CD /* Preview Assets.xcassets */,
			);
			path = "Preview Content";
			sourceTree = "<group>";
		};
		6B11B77126C567A000F001CD /* Model */ = {
			isa = PBXGroup;
			children = (
				6B11B77426C5681700F001CD /* Countries.swift */,
			);
			path = Model;
			sourceTree = "<group>";
		};
		6B11B77226C567B900F001CD /* View */ = {
			isa = PBXGroup;
			children = (
				6B11B77826C56AEA00F001CD /* Login1.swift */,
				6B7904CC26C6656D007CECAF /* Components */,
			);
			path = View;
			sourceTree = "<group>";
		};
		6B11B77326C567D300F001CD /* ViewModel */ = {
			isa = PBXGroup;
			children = (
				6B11B77626C56A0300F001CD /* LoginViewModel.swift */,
			);
			path = ViewModel;
			sourceTree = "<group>";
		};
		6B7904CC26C6656D007CECAF /* Components */ = {
			isa = PBXGroup;
			children = (
				6B7904CD26C665AB007CECAF /* CustomeSecureField.swift */,
				6B7904D026C66B16007CECAF /* CustomTextfield.swift */,
			);
			name = Components;
			sourceTree = "<group>";
		};
/* End PBXGroup section */

/* Begin PBXNativeTarget section */
		6B11B75E26C5673200F001CD /* bachelours kitcheon */ = {
			isa = PBXNativeTarget;
			buildConfigurationList = 6B11B76E26C5673300F001CD /* Build configuration list for PBXNativeTarget "bachelours kitcheon" */;
			buildPhases = (
				6B11B75B26C5673200F001CD /* Sources */,
				6B11B75C26C5673200F001CD /* Frameworks */,
				6B11B75D26C5673200F001CD /* Resources */,
			);
			buildRules = (
			);
			dependencies = (
			);
			name = "bachelours kitcheon";
			productName = "bachelours kitcheon";
			productReference = 6B11B75F26C5673200F001CD /* bachelours kitcheon.app */;
			productType = "com.apple.product-type.application";
		};
/* End PBXNativeTarget section */

/* Begin PBXProject section */
		6B11B75726C5673200F001CD /* Project object */ = {
			isa = PBXProject;
			attributes = {
				LastSwiftUpdateCheck = 1250;
				LastUpgradeCheck = 1250;
				TargetAttributes = {
					6B11B75E26C5673200F001CD = {
						CreatedOnToolsVersion = 12.5.1;
					};
				};
			};
			buildConfigurationList = 6B11B75A26C5673200F001CD /* Build configuration list for PBXProject "bachelours kitcheon" */;
			compatibilityVersion = "Xcode 9.3";
			developmentRegion = en;
			hasScannedForEncodings = 0;
			knownRegions = (
				en,
				Base,
			);
			mainGroup = 6B11B75626C5673200F001CD;
			productRefGroup = 6B11B76026C5673200F001CD /* Products */;
			projectDirPath = "";
			projectRoot = "";
			targets = (
				6B11B75E26C5673200F001CD /* bachelours kitcheon */,
			);
		};
/* End PBXProject section */

/* Begin PBXResourcesBuildPhase section */
		6B11B75D26C5673200F001CD /* Resources */ = {
			isa = PBXResourcesBuildPhase;
			buildActionMask = 2147483647;
			files = (
				6B11B76A26C5673300F001CD /* Preview Assets.xcassets in Resources */,
				6B11B76726C5673300F001CD /* Assets.xcassets in Resources */,
			);
			runOnlyForDeploymentPostprocessing = 0;
		};
/* End PBXResourcesBuildPhase section */

/* Begin PBXSourcesBuildPhase section */
		6B11B75B26C5673200F001CD /* Sources */ = {
			isa = PBXSourcesBuildPhase;
			buildActionMask = 2147483647;
			files = (
				6B7904D126C66B16007CECAF /* CustomTextfield.swift in Sources */,
				6B11B77726C56A0300F001CD /* LoginViewModel.swift in Sources */,
				6B11B77926C56AEA00F001CD /* Login1.swift in Sources */,
				6B11B76526C5673200F001CD /* ContentView.swift in Sources */,
				6B11B77526C5681700F001CD /* Countries.swift in Sources */,
				6B7904CE26C665AB007CECAF /* CustomeSecureField.swift in Sources */,
				6B11B76326C5673200F001CD /* bachelours_kitcheonApp.swift in Sources */,
			);
			runOnlyForDeploymentPostprocessing = 0;
		};
/* End PBXSourcesBuildPhase section */

/* Begin XCBuildConfiguration section */
		6B11B76C26C5673300F001CD /* Debug */ = {
			isa = XCBuildConfiguration;
			buildSettings = {
				ALWAYS_SEARCH_USER_PATHS = NO;
				CLANG_ANALYZER_NONNULL = YES;
				CLANG_ANALYZER_NUMBER_OBJECT_CONVERSION = YES_AGGRESSIVE;
				CLANG_CXX_LANGUAGE_STANDARD = "gnu++14";
				CLANG_CXX_LIBRARY = "libc++";
				CLANG_ENABLE_MODULES = YES;
				CLANG_ENABLE_OBJC_ARC = YES;
				CLANG_ENABLE_OBJC_WEAK = YES;
				CLANG_WARN_BLOCK_CAPTURE_AUTORELEASING = YES;
				CLANG_WARN_BOOL_CONVERSION = YES;
				CLANG_WARN_COMMA = YES;
				CLANG_WARN_CONSTANT_CONVERSION = YES;
				CLANG_WARN_DEPRECATED_OBJC_IMPLEMENTATIONS = YES;
				CLANG_WARN_DIRECT_OBJC_ISA_USAGE = YES_ERROR;
				CLANG_WARN_DOCUMENTATION_COMMENTS = YES;
				CLANG_WARN_EMPTY_BODY = YES;
				CLANG_WARN_ENUM_CONVERSION = YES;
				CLANG_WARN_INFINITE_RECURSION = YES;
				CLANG_WARN_INT_CONVERSION = YES;
				CLANG_WARN_NON_LITERAL_NULL_CONVERSION = YES;
				CLANG_WARN_OBJC_IMPLICIT_RETAIN_SELF = YES;
				CLANG_WARN_OBJC_LITERAL_CONVERSION = YES;
				CLANG_WARN_OBJC_ROOT_CLASS = YES_ERROR;
				CLANG_WARN_QUOTED_INCLUDE_IN_FRAMEWORK_HEADER = YES;
				CLANG_WARN_RANGE_LOOP_ANALYSIS = YES;
				CLANG_WARN_STRICT_PROTOTYPES = YES;
				CLANG_WARN_SUSPICIOUS_MOVE = YES;
				CLANG_WARN_UNGUARDED_AVAILABILITY = YES_AGGRESSIVE;
				CLANG_WARN_UNREACHABLE_CODE = YES;
				CLANG_WARN__DUPLICATE_METHOD_MATCH = YES;
				COPY_PHASE_STRIP = NO;
				DEBUG_INFORMATION_FORMAT = dwarf;
				ENABLE_STRICT_OBJC_MSGSEND = YES;
				ENABLE_TESTABILITY = YES;
				GCC_C_LANGUAGE_STANDARD = gnu11;
				GCC_DYNAMIC_NO_PIC = NO;
				GCC_NO_COMMON_BLOCKS = YES;
				GCC_OPTIMIZATION_LEVEL = 0;
				GCC_PREPROCESSOR_DEFINITIONS = (
					"DEBUG=1",
					"$(inherited)",
				);
				GCC_WARN_64_TO_32_BIT_CONVERSION = YES;
				GCC_WARN_ABOUT_RETURN_TYPE = YES_ERROR;
				GCC_WARN_UNDECLARED_SELECTOR = YES;
				GCC_WARN_UNINITIALIZED_AUTOS = YES_AGGRESSIVE;
				GCC_WARN_UNUSED_FUNCTION = YES;
				GCC_WARN_UNUSED_VARIABLE = YES;
				IPHONEOS_DEPLOYMENT_TARGET = 14.3;
				MTL_ENABLE_DEBUG_INFO = INCLUDE_SOURCE;
				MTL_FAST_MATH = YES;
				ONLY_ACTIVE_ARCH = YES;
				SDKROOT = iphoneos;
				SWIFT_ACTIVE_COMPILATION_CONDITIONS = DEBUG;
				SWIFT_OPTIMIZATION_LEVEL = "-Onone";
			};
			name = Debug;
		};
		6B11B76D26C5673300F001CD /* Release */ = {
			isa = XCBuildConfiguration;
			buildSettings = {
				ALWAYS_SEARCH_USER_PATHS = NO;
				CLANG_ANALYZER_NONNULL = YES;
				CLANG_ANALYZER_NUMBER_OBJECT_CONVERSION = YES_AGGRESSIVE;
				CLANG_CXX_LANGUAGE_STANDARD = "gnu++14";
				CLANG_CXX_LIBRARY = "libc++";
				CLANG_ENABLE_MODULES = YES;
				CLANG_ENABLE_OBJC_ARC = YES;
				CLANG_ENABLE_OBJC_WEAK = YES;
				CLANG_WARN_BLOCK_CAPTURE_AUTORELEASING = YES;
				CLANG_WARN_BOOL_CONVERSION = YES;
				CLANG_WARN_COMMA = YES;
				CLANG_WARN_CONSTANT_CONVERSION = YES;
				CLANG_WARN_DEPRECATED_OBJC_IMPLEMENTATIONS = YES;
				CLANG_WARN_DIRECT_OBJC_ISA_USAGE = YES_ERROR;
				CLANG_WARN_DOCUMENTATION_COMMENTS = YES;
				CLANG_WARN_EMPTY_BODY = YES;
				CLANG_WARN_ENUM_CONVERSION = YES;
				CLANG_WARN_INFINITE_RECURSION = YES;
				CLANG_WARN_INT_CONVERSION = YES;
				CLANG_WARN_NON_LITERAL_NULL_CONVERSION = YES;
				CLANG_WARN_OBJC_IMPLICIT_RETAIN_SELF = YES;
				CLANG_WARN_OBJC_LITERAL_CONVERSION = YES;
				CLANG_WARN_OBJC_ROOT_CLASS = YES_ERROR;
				CLANG_WARN_QUOTED_INCLUDE_IN_FRAMEWORK_HEADER = YES;
				CLANG_WARN_RANGE_LOOP_ANALYSIS = YES;
				CLANG_WARN_STRICT_PROTOTYPES = YES;
				CLANG_WARN_SUSPICIOUS_MOVE = YES;
				CLANG_WARN_UNGUARDED_AVAILABILITY = YES_AGGRESSIVE;
				CLANG_WARN_UNREACHABLE_CODE = YES;
				CLANG_WARN__DUPLICATE_METHOD_MATCH = YES;
				COPY_PHASE_STRIP = NO;
				DEBUG_INFORMATION_FORMAT = "dwarf-with-dsym";
				ENABLE_NS_ASSERTIONS = NO;
				ENABLE_STRICT_OBJC_MSGSEND = YES;
				GCC_C_LANGUAGE_STANDARD = gnu11;
				GCC_NO_COMMON_BLOCKS = YES;
				GCC_WARN_64_TO_32_BIT_CONVERSION = YES;
				GCC_WARN_ABOUT_RETURN_TYPE = YES_ERROR;
				GCC_WARN_UNDECLARED_SELECTOR = YES;
				GCC_WARN_UNINITIALIZED_AUTOS = YES_AGGRESSIVE;
				GCC_WARN_UNUSED_FUNCTION = YES;
				GCC_WARN_UNUSED_VARIABLE = YES;
				IPHONEOS_DEPLOYMENT_TARGET = 14.3;
				MTL_ENABLE_DEBUG_INFO = NO;
				MTL_FAST_MATH = YES;
				SDKROOT = iphoneos;
				SWIFT_COMPILATION_MODE = wholemodule;
				SWIFT_OPTIMIZATION_LEVEL = "-O";
				VALIDATE_PRODUCT = YES;
			};
			name = Release;
		};
		6B11B76F26C5673300F001CD /* Debug */ = {
			isa = XCBuildConfiguration;
			buildSettings = {
				ASSETCATALOG_COMPILER_APPICON_NAME = AppIcon;
				ASSETCATALOG_COMPILER_GLOBAL_ACCENT_COLOR_NAME = AccentColor;
				CODE_SIGN_STYLE = Automatic;
				DEVELOPMENT_ASSET_PATHS = "\"bachelours kitcheon/Preview Content\"";
				DEVELOPMENT_TEAM = 2M484JFXKV;
				ENABLE_PREVIEWS = YES;
				INFOPLIST_FILE = "bachelours kitcheon/Info.plist";
				IPHONEOS_DEPLOYMENT_TARGET = 14.0;
				LD_RUNPATH_SEARCH_PATHS = (
					"$(inherited)",
					"@executable_path/Frameworks",
				);
				PRODUCT_BUNDLE_IDENTIFIER = com.bff.org;
				PRODUCT_NAME = "$(TARGET_NAME)";
				SWIFT_VERSION = 5.0;
				TARGETED_DEVICE_FAMILY = 1;
			};
			name = Debug;
		};
		6B11B77026C5673300F001CD /* Release */ = {
			isa = XCBuildConfiguration;
			buildSettings = {
				ASSETCATALOG_COMPILER_APPICON_NAME = AppIcon;
				ASSETCATALOG_COMPILER_GLOBAL_ACCENT_COLOR_NAME = AccentColor;
				CODE_SIGN_STYLE = Automatic;
				DEVELOPMENT_ASSET_PATHS = "\"bachelours kitcheon/Preview Content\"";
				DEVELOPMENT_TEAM = 2M484JFXKV;
				ENABLE_PREVIEWS = YES;
				INFOPLIST_FILE = "bachelours kitcheon/Info.plist";
				IPHONEOS_DEPLOYMENT_TARGET = 14.0;
				LD_RUNPATH_SEARCH_PATHS = (
					"$(inherited)",
					"@executable_path/Frameworks",
				);
				PRODUCT_BUNDLE_IDENTIFIER = com.bff.org;
				PRODUCT_NAME = "$(TARGET_NAME)";
				SWIFT_VERSION = 5.0;
				TARGETED_DEVICE_FAMILY = 1;
			};
			name = Release;
		};
/* End XCBuildConfiguration section */

/* Begin XCConfigurationList section */
		6B11B75A26C5673200F001CD /* Build configuration list for PBXProject "bachelours kitcheon" */ = {
			isa = XCConfigurationList;
			buildConfigurations = (
				6B11B76C26C5673300F001CD /* Debug */,
				6B11B76D26C5673300F001CD /* Release */,
			);
			defaultConfigurationIsVisible = 0;
			defaultConfigurationName = Release;
		};
		6B11B76E26C5673300F001CD /* Build configuration list for PBXNativeTarget "bachelours kitcheon" */ = {
			isa = XCConfigurationList;
			buildConfigurations = (
				6B11B76F26C5673300F001CD /* Debug */,
				6B11B77026C5673300F001CD /* Release */,
			);
			defaultConfigurationIsVisible = 0;
			defaultConfigurationName = Release;
		};
/* End XCConfigurationList section */
	};
	rootObject = 6B11B75726C5673200F001CD /* Project object */;
}
